
Microsoft Visual Studio Solution File, Format Version 12.00
# Visual Studio Version 17
VisualStudioVersion = 17.8.34525.116
MinimumVisualStudioVersion = 10.0.40219.1
Project("{9A19103F-16F7-4668-BE54-9A1E7A4F7556}") = "ArsChimeBlazorApp", "ARSDemoBlazorApp\ArsChimeBlazorApp.csproj", "{6DFD9F63-6F0F-4E86-BEC9-1C62613BAF4B}"
EndProject
Global
	GlobalSection(SolutionConfigurationPlatforms) = preSolution
		Debug|Any CPU = Debug|Any CPU
		Release|Any CPU = Release|Any CPU
	EndGlobalSection
	GlobalSection(ProjectConfigurationPlatforms) = postSolution
		{6DFD9F63-6F0F-4E86-BEC9-1C62613BAF4B}.Debug|Any CPU.ActiveCfg = Debug|Any CPU
		{6DFD9F63-6F0F-4E86-BEC9-1C62613BAF4B}.Debug|Any CPU.Build.0 = Debug|Any CPU
		{6DFD9F63-6F0F-4E86-BEC9-1C62613BAF4B}.Release|Any CPU.ActiveCfg = Release|Any CPU
		{6DFD9F63-6F0F-4E86-BEC9-1C62613BAF4B}.Release|Any CPU.Build.0 = Release|Any CPU
	EndGlobalSection
	GlobalSection(SolutionProperties) = preSolution
		HideSolutionNode = FALSE
	EndGlobalSection
	GlobalSection(ExtensibilityGlobals) = postSolution
		SolutionGuid = {CC418B5A-B44E-4466-9139-3D3122814435}
	EndGlobalSection
EndGlobal
